
Microsoft Visual Studio Solution File, Format Version 12.00
# Visual Studio Version 16
VisualStudioVersion = 16.0.30804.86
MinimumVisualStudioVersion = 10.0.40219.1
Project("{2150E333-8FDC-42A3-9474-1A3956D46DE8}") = "src", "src", "{82223BC2-FD46-45B7-8714-A1BBB6FACC0E}"
EndProject
Project("{2150E333-8FDC-42A3-9474-1A3956D46DE8}") = "tests", "tests", "{FCFAE99C-C28A-44B7-A7BE-F9D5481C35B9}"
EndProject
Project("{9A19103F-16F7-4668-BE54-9A1E7A4F7556}") = "Reinterpret.Net", "src\Reinterpret.Net\Reinterpret.Net.csproj", "{220EF1DB-3B15-403D-A531-8140D1E40D0F}"
EndProject
Project("{FAE04EC0-301F-11D3-BF4B-00C04F79EFBC}") = "Reinterpret.Net.NetFramework.Tests", "test\Reinterpret.Net.NetFramework.Tests\Reinterpret.Net.NetFramework.Tests.csproj", "{96528F39-BC13-40E4-8B41-EFACCE26588D}"
EndProject
Project("{FAE04EC0-301F-11D3-BF4B-00C04F79EFBC}") = "Reinterpret.Net.Common.Tests", "test\Reinterpret.Net.Common.Tests\Reinterpret.Net.Common.Tests.csproj", "{01824F98-69FB-4E14-8EB6-12E0C9C934E5}"
EndProject
Project("{2150E333-8FDC-42A3-9474-1A3956D46DE8}") = "perf", "perf", "{14188958-36DF-48D2-91CC-8E18FBDB94AF}"
EndProject
Project("{FAE04EC0-301F-11D3-BF4B-00C04F79EFBC}") = "Reinterpret.Net.Performance.Tests", "test\Reinterpret.Net.Performance.Tests\Reinterpret.Net.Performance.Tests.csproj", "{8528C616-6FD1-401B-8F8E-0845FDA969F2}"
EndProject
Project("{9A19103F-16F7-4668-BE54-9A1E7A4F7556}") = "Reinterpret.Net.Performance.Netcore.Tests", "test\Reinterpret.Net.Performance.Netcore.Tests\Reinterpret.Net.Performance.Netcore.Tests.csproj", "{8359DE7E-2E79-4EDE-BE00-283BC5621A77}"
EndProject
Global
	GlobalSection(SolutionConfigurationPlatforms) = preSolution
		Debug|Any CPU = Debug|Any CPU
		Release|Any CPU = Release|Any CPU
	EndGlobalSection
	GlobalSection(ProjectConfigurationPlatforms) = postSolution
		{220EF1DB-3B15-403D-A531-8140D1E40D0F}.Debug|Any CPU.ActiveCfg = Debug|Any CPU
		{220EF1DB-3B15-403D-A531-8140D1E40D0F}.Debug|Any CPU.Build.0 = Debug|Any CPU
		{220EF1DB-3B15-403D-A531-8140D1E40D0F}.Release|Any CPU.ActiveCfg = Release|Any CPU
		{220EF1DB-3B15-403D-A531-8140D1E40D0F}.Release|Any CPU.Build.0 = Release|Any CPU
		{96528F39-BC13-40E4-8B41-EFACCE26588D}.Debug|Any CPU.ActiveCfg = Debug|Any CPU
		{96528F39-BC13-40E4-8B41-EFACCE26588D}.Debug|Any CPU.Build.0 = Debug|Any CPU
		{96528F39-BC13-40E4-8B41-EFACCE26588D}.Release|Any CPU.ActiveCfg = Release|Any CPU
		{96528F39-BC13-40E4-8B41-EFACCE26588D}.Release|Any CPU.Build.0 = Release|Any CPU
		{01824F98-69FB-4E14-8EB6-12E0C9C934E5}.Debug|Any CPU.ActiveCfg = Debug|Any CPU
		{01824F98-69FB-4E14-8EB6-12E0C9C934E5}.Debug|Any CPU.Build.0 = Debug|Any CPU
		{01824F98-69FB-4E14-8EB6-12E0C9C934E5}.Release|Any CPU.ActiveCfg = Release|Any CPU
		{01824F98-69FB-4E14-8EB6-12E0C9C934E5}.Release|Any CPU.Build.0 = Release|Any CPU
		{8528C616-6FD1-401B-8F8E-0845FDA969F2}.Debug|Any CPU.ActiveCfg = Debug|Any CPU
		{8528C616-6FD1-401B-8F8E-0845FDA969F2}.Debug|Any CPU.Build.0 = Debug|Any CPU
		{8528C616-6FD1-401B-8F8E-0845FDA969F2}.Release|Any CPU.ActiveCfg = Release|Any CPU
		{8528C616-6FD1-401B-8F8E-0845FDA969F2}.Release|Any CPU.Build.0 = Release|Any CPU
		{8359DE7E-2E79-4EDE-BE00-283BC5621A77}.Debug|Any CPU.ActiveCfg = Debug|Any CPU
		{8359DE7E-2E79-4EDE-BE00-283BC5621A77}.Debug|Any CPU.Build.0 = Debug|Any CPU
		{8359DE7E-2E79-4EDE-BE00-283BC5621A77}.Release|Any CPU.ActiveCfg = Release|Any CPU
		{8359DE7E-2E79-4EDE-BE00-283BC5621A77}.Release|Any CPU.Build.0 = Release|Any CPU
	EndGlobalSection
	GlobalSection(SolutionProperties) = preSolution
		HideSolutionNode = FALSE
	EndGlobalSection
	GlobalSection(NestedProjects) = preSolution
		{220EF1DB-3B15-403D-A531-8140D1E40D0F} = {82223BC2-FD46-45B7-8714-A1BBB6FACC0E}
		{96528F39-BC13-40E4-8B41-EFACCE26588D} = {FCFAE99C-C28A-44B7-A7BE-F9D5481C35B9}
		{01824F98-69FB-4E14-8EB6-12E0C9C934E5} = {FCFAE99C-C28A-44B7-A7BE-F9D5481C35B9}
		{14188958-36DF-48D2-91CC-8E18FBDB94AF} = {FCFAE99C-C28A-44B7-A7BE-F9D5481C35B9}
		{8528C616-6FD1-401B-8F8E-0845FDA969F2} = {14188958-36DF-48D2-91CC-8E18FBDB94AF}
		{8359DE7E-2E79-4EDE-BE00-283BC5621A77} = {14188958-36DF-48D2-91CC-8E18FBDB94AF}
	EndGlobalSection
	GlobalSection(ExtensibilityGlobals) = postSolution
		SolutionGuid = {886DD3D7-35E3-42F0-8CE9-74FB5AD7BBD0}
	EndGlobalSection
EndGlobal
